// !$*UTF8*$!
{
	archiveVersion = 1;
	classes = {
	};
	objectVersion = 77;
	objects = {

/* Begin PBXBuildFile section */
		457CE5452FA9F9F90002B0FC /* WidgetKit.framework in Frameworks */ = {isa = PBXBuildFile; fileRef = 457CE5442FA9F9F90002B0FC /* WidgetKit.framework */; };
		457CE5472FA9F9F90002B0FC /* SwiftUI.framework in Frameworks */ = {isa = PBXBuildFile; fileRef = 457CE5462FA9F9F90002B0FC /* SwiftUI.framework */; };
		457CE5562FA9F9FB0002B0FC /* GLOWZAWidgetsExtension.appex in Embed Foundation Extensions */ = {isa = PBXBuildFile; fileRef = 457CE5422FA9F9F90002B0FC /* GLOWZAWidgetsExtension.appex */; settings = {ATTRIBUTES = (RemoveHeadersOnCopy, ); }; };
		45B8A0602F9F8E5B0062AB06 /* FirebaseAnalytics in Frameworks */ = {isa = PBXBuildFile; productRef = 45B8A05F2F9F8E5B0062AB06 /* FirebaseAnalytics */; };
		45B8A0622F9F8E5B0062AB06 /* FirebaseAuth in Frameworks */ = {isa = PBXBuildFile; productRef = 45B8A0612F9F8E5B0062AB06 /* FirebaseAuth */; };
		45B8A0642F9F8E5B0062AB06 /* FirebaseFirestore in Frameworks */ = {isa = PBXBuildFile; productRef = 45B8A0632F9F8E5B0062AB06 /* FirebaseFirestore */; };
/* End PBXBuildFile section */

/* Begin PBXContainerItemProxy section */
		457CE5542FA9F9FB0002B0FC /* PBXContainerItemProxy */ = {
			isa = PBXContainerItemProxy;
			containerPortal = 45F0706C2F91E8D000505233 /* Project object */;
			proxyType = 1;
			remoteGlobalIDString = 457CE5412FA9F9F90002B0FC;
			remoteInfo = GLOWZAWidgetsExtension;
		};
		457CE7352FAA390F0002B0FC /* PBXContainerItemProxy */ = {
			isa = PBXContainerItemProxy;
			containerPortal = 45F0706C2F91E8D000505233 /* Project object */;
			proxyType = 1;
			remoteGlobalIDString = 45F070732F91E8D000505233;
			remoteInfo = GLOWZA;
		};
/* End PBXContainerItemProxy section */

/* Begin PBXCopyFilesBuildPhase section */
		457CE5572FA9F9FB0002B0FC /* Embed Foundation Extensions */ = {
			isa = PBXCopyFilesBuildPhase;
			buildActionMask = 2147483647;
			dstPath = "";
			dstSubfolderSpec = 13;
			files = (
				457CE5562FA9F9FB0002B0FC /* GLOWZAWidgetsExtension.appex in Embed Foundation Extensions */,
			);
			name = "Embed Foundation Extensions";
			runOnlyForDeploymentPostprocessing = 0;
		};
/* End PBXCopyFilesBuildPhase section */

/* Begin PBXFileReference section */
		457CE5422FA9F9F90002B0FC /* GLOWZAWidgetsExtension.appex */ = {isa = PBXFileReference; explicitFileType = "wrapper.app-extension"; includeInIndex = 0; path = GLOWZAWidgetsExtension.appex; sourceTree = BUILT_PRODUCTS_DIR; };
		457CE5442FA9F9F90002B0FC /* WidgetKit.framework */ = {isa = PBXFileReference; lastKnownFileType = wrapper.framework; name = WidgetKit.framework; path = System/Library/Frameworks/WidgetKit.framework; sourceTree = SDKROOT; };
		457CE5462FA9F9F90002B0FC /* SwiftUI.framework */ = {isa = PBXFileReference; lastKnownFileType = wrapper.framework; name = SwiftUI.framework; path = System/Library/Frameworks/SwiftUI.framework; sourceTree = SDKROOT; };
		457CE7312FAA390F0002B0FC /* GLOWZATests.xctest */ = {isa = PBXFileReference; explicitFileType = wrapper.cfbundle; includeInIndex = 0; path = GLOWZATests.xctest; sourceTree = BUILT_PRODUCTS_DIR; };
		45F070742F91E8D000505233 /* GLOWZA.app */ = {isa = PBXFileReference; explicitFileType = wrapper.application; includeInIndex = 0; path = GLOWZA.app; sourceTree = BUILT_PRODUCTS_DIR; };
/* End PBXFileReference section */

/* Begin PBXFileSystemSynchronizedBuildFileExceptionSet section */
		457CE55A2FA9F9FB0002B0FC /* Exceptions for "GLOWZAWidgets" folder in "GLOWZAWidgetsExtension" target */ = {
			isa = PBXFileSystemSynchronizedBuildFileExceptionSet;
			membershipExceptions = (
				Info.plist,
			);
			target = 457CE5412FA9F9F90002B0FC /* GLOWZAWidgetsExtension */;
		};
/* End PBXFileSystemSynchronizedBuildFileExceptionSet section */

/* Begin PBXFileSystemSynchronizedRootGroup section */
		457CE5482FA9F9F90002B0FC /* GLOWZAWidgets */ = {
			isa = PBXFileSystemSynchronizedRootGroup;
			exceptions = (
				457CE55A2FA9F9FB0002B0FC /* Exceptions for "GLOWZAWidgets" folder in "GLOWZAWidgetsExtension" target */,
			);
			path = GLOWZAWidgets;
			sourceTree = "<group>";
		};
		457CE7322FAA390F0002B0FC /* GLOWZATests */ = {
			isa = PBXFileSystemSynchronizedRootGroup;
			path = GLOWZATests;
			sourceTree = "<group>";
		};
		45F070762F91E8D000505233 /* GLOWZA */ = {
			isa = PBXFileSystemSynchronizedRootGroup;
			path = GLOWZA;
			sourceTree = "<group>";
		};
/* End PBXFileSystemSynchronizedRootGroup section */

/* Begin PBXFrameworksBuildPhase section */
		457CE53F2FA9F9F90002B0FC /* Frameworks */ = {
			isa = PBXFrameworksBuildPhase;
			buildActionMask = 2147483647;
			files = (
				457CE5472FA9F9F90002B0FC /* SwiftUI.framework in Frameworks */,
				457CE5452FA9F9F90002B0FC /* WidgetKit.framework in Frameworks */,
			);
			runOnlyForDeploymentPostprocessing = 0;
		};
		457CE72E2FAA390F0002B0FC /* Frameworks */ = {
			isa = PBXFrameworksBuildPhase;
			buildActionMask = 2147483647;
			files = (
			);
			runOnlyForDeploymentPostprocessing = 0;
		};
		45F070712F91E8D000505233 /* Frameworks */ = {
			isa = PBXFrameworksBuildPhase;
			buildActionMask = 2147483647;
			files = (
				45B8A0602F9F8E5B0062AB06 /* FirebaseAnalytics in Frameworks */,
				45B8A0622F9F8E5B0062AB06 /* FirebaseAuth in Frameworks */,
				45B8A0642F9F8E5B0062AB06 /* FirebaseFirestore in Frameworks */,
			);
			runOnlyForDeploymentPostprocessing = 0;
		};
/* End PBXFrameworksBuildPhase section */

/* Begin PBXGroup section */
		457CE5432FA9F9F90002B0FC /* Frameworks */ = {
			isa = PBXGroup;
			children = (
				457CE5442FA9F9F90002B0FC /* WidgetKit.framework */,
				457CE5462FA9F9F90002B0FC /* SwiftUI.framework */,
			);
			name = Frameworks;
			sourceTree = "<group>";
		};
		45F0706B2F91E8D000505233 = {
			isa = PBXGroup;
			children = (
				45F070762F91E8D000505233 /* GLOWZA */,
				457CE5482FA9F9F90002B0FC /* GLOWZAWidgets */,
				457CE7322FAA390F0002B0FC /* GLOWZATests */,
				457CE5432FA9F9F90002B0FC /* Frameworks */,
				45F070752F91E8D000505233 /* Products */,
			);
			sourceTree = "<group>";
		};
		45F070752F91E8D000505233 /* Products */ = {
			isa = PBXGroup;
			children = (
				45F070742F91E8D000505233 /* GLOWZA.app */,
				457CE5422FA9F9F90002B0FC /* GLOWZAWidgetsExtension.appex */,
				457CE7312FAA390F0002B0FC /* GLOWZATests.xctest */,
			);
			name = Products;
			sourceTree = "<group>";
		};
/* End PBXGroup section */

/* Begin PBXNativeTarget section */
		457CE5412FA9F9F90002B0FC /* GLOWZAWidgetsExtension */ = {
			isa = PBXNativeTarget;
			buildConfigurationList = 457CE55B2FA9F9FB0002B0FC /* Build configuration list for PBXNativeTarget "GLOWZAWidgetsExtension" */;
			buildPhases = (
				457CE53E2FA9F9F90002B0FC /* Sources */,
				457CE53F2FA9F9F90002B0FC /* Frameworks */,
				457CE5402FA9F9F90002B0FC /* Resources */,
			);
			buildRules = (
			);
			dependencies = (
			);
			fileSystemSynchronizedGroups = (
				457CE5482FA9F9F90002B0FC /* GLOWZAWidgets */,
			);
			name = GLOWZAWidgetsExtension;
			packageProductDependencies = (
			);
			productName = GLOWZAWidgetsExtension;
			productReference = 457CE5422FA9F9F90002B0FC /* GLOWZAWidgetsExtension.appex */;
			productType = "com.apple.product-type.app-extension";
		};
		457CE7302FAA390F0002B0FC /* GLOWZATests */ = {
			isa = PBXNativeTarget;
			buildConfigurationList = 457CE7392FAA390F0002B0FC /* Build configuration list for PBXNativeTarget "GLOWZATests" */;
			buildPhases = (
				457CE72D2FAA390F0002B0FC /* Sources */,
				457CE72E2FAA390F0002B0FC /* Frameworks */,
				457CE72F2FAA390F0002B0FC /* Resources */,
			);
			buildRules = (
			);
			dependencies = (
				457CE7362FAA390F0002B0FC /* PBXTargetDependency */,
			);
			fileSystemSynchronizedGroups = (
				457CE7322FAA390F0002B0FC /* GLOWZATests */,
			);
			name = GLOWZATests;
			packageProductDependencies = (
			);
			productName = GLOWZATests;
			productReference = 457CE7312FAA390F0002B0FC /* GLOWZATests.xctest */;
			productType = "com.apple.product-type.bundle.unit-test";
		};
		45F070732F91E8D000505233 /* GLOWZA */ = {
			isa = PBXNativeTarget;
			buildConfigurationList = 45F0707F2F91E8D100505233 /* Build configuration list for PBXNativeTarget "GLOWZA" */;
			buildPhases = (
				45F070702F91E8D000505233 /* Sources */,
				45F070712F91E8D000505233 /* Frameworks */,
				45F070722F91E8D000505233 /* Resources */,
				457CE5572FA9F9FB0002B0FC /* Embed Foundation Extensions */,
			);
			buildRules = (
			);
			dependencies = (
				457CE5552FA9F9FB0002B0FC /* PBXTargetDependency */,
			);
			fileSystemSynchronizedGroups = (
				45F070762F91E8D000505233 /* GLOWZA */,
			);
			name = GLOWZA;
			packageProductDependencies = (
				45B8A05F2F9F8E5B0062AB06 /* FirebaseAnalytics */,
				45B8A0612F9F8E5B0062AB06 /* FirebaseAuth */,
				45B8A0632F9F8E5B0062AB06 /* FirebaseFirestore */,
			);
			productName = GLOWZA;
			productReference = 45F070742F91E8D000505233 /* GLOWZA.app */;
			productType = "com.apple.product-type.application";
		};
/* End PBXNativeTarget section */

/* Begin PBXProject section */
		45F0706C2F91E8D000505233 /* Project object */ = {
			isa = PBXProject;
			attributes = {
				BuildIndependentTargetsInParallel = 1;
				LastSwiftUpdateCheck = 2620;
				LastUpgradeCheck = 2620;
				TargetAttributes = {
					457CE5412FA9F9F90002B0FC = {
						CreatedOnToolsVersion = 26.2;
					};
					457CE7302FAA390F0002B0FC = {
						CreatedOnToolsVersion = 26.2;
						TestTargetID = 45F070732F91E8D000505233;
					};
					45F070732F91E8D000505233 = {
						CreatedOnToolsVersion = 26.2;
					};
				};
			};
			buildConfigurationList = 45F0706F2F91E8D000505233 /* Build configuration list for PBXProject "GLOWZA" */;
			developmentRegion = en;
			hasScannedForEncodings = 0;
			knownRegions = (
				en,
				Base,
			);
			mainGroup = 45F0706B2F91E8D000505233;
			minimizedProjectReferenceProxies = 1;
			packageReferences = (
				45B8A05E2F9F8E5B0062AB06 /* XCRemoteSwiftPackageReference "firebase-ios-sdk" */,
			);
			preferredProjectObjectVersion = 77;
			productRefGroup = 45F070752F91E8D000505233 /* Products */;
			projectDirPath = "";
			projectRoot = "";
			targets = (
				45F070732F91E8D000505233 /* GLOWZA */,
				457CE5412FA9F9F90002B0FC /* GLOWZAWidgetsExtension */,
				457CE7302FAA390F0002B0FC /* GLOWZATests */,
			);
		};
/* End PBXProject section */

/* Begin PBXResourcesBuildPhase section */
		457CE5402FA9F9F90002B0FC /* Resources */ = {
			isa = PBXResourcesBuildPhase;
			buildActionMask = 2147483647;
			files = (
			);
			runOnlyForDeploymentPostprocessing = 0;
		};
		457CE72F2FAA390F0002B0FC /* Resources */ = {
			isa = PBXResourcesBuildPhase;
			buildActionMask = 2147483647;
			files = (
			);
			runOnlyForDeploymentPostprocessing = 0;
		};
		45F070722F91E8D000505233 /* Resources */ = {
			isa = PBXResourcesBuildPhase;
			buildActionMask = 2147483647;
			files = (
			);
			runOnlyForDeploymentPostprocessing = 0;
		};
/* End PBXResourcesBuildPhase section */

/* Begin PBXSourcesBuildPhase section */
		457CE53E2FA9F9F90002B0FC /* Sources */ = {
			isa = PBXSourcesBuildPhase;
			buildActionMask = 2147483647;
			files = (
			);
			runOnlyForDeploymentPostprocessing = 0;
		};
		457CE72D2FAA390F0002B0FC /* Sources */ = {
			isa = PBXSourcesBuildPhase;
			buildActionMask = 2147483647;
			files = (
			);
			runOnlyForDeploymentPostprocessing = 0;
		};
		45F070702F91E8D000505233 /* Sources */ = {
			isa = PBXSourcesBuildPhase;
			buildActionMask = 2147483647;
			files = (
			);
			runOnlyForDeploymentPostprocessing = 0;
		};
/* End PBXSourcesBuildPhase section */

/* Begin PBXTargetDependency section */
		457CE5552FA9F9FB0002B0FC /* PBXTargetDependency */ = {
			isa = PBXTargetDependency;
			target = 457CE5412FA9F9F90002B0FC /* GLOWZAWidgetsExtension */;
			targetProxy = 457CE5542FA9F9FB0002B0FC /* PBXContainerItemProxy */;
		};
		457CE7362FAA390F0002B0FC /* PBXTargetDependency */ = {
			isa = PBXTargetDependency;
			target = 45F070732F91E8D000505233 /* GLOWZA */;
			targetProxy = 457CE7352FAA390F0002B0FC /* PBXContainerItemProxy */;
		};
/* End PBXTargetDependency section */

/* Begin XCBuildConfiguration section */
		457CE5582FA9F9FB0002B0FC /* Debug */ = {
			isa = XCBuildConfiguration;
			buildSettings = {
				ASSETCATALOG_COMPILER_GLOBAL_ACCENT_COLOR_NAME = AccentColor;
				ASSETCATALOG_COMPILER_WIDGET_BACKGROUND_COLOR_NAME = WidgetBackground;
				CODE_SIGN_STYLE = Automatic;
				CURRENT_PROJECT_VERSION = 1;
				GENERATE_INFOPLIST_FILE = YES;
				INFOPLIST_FILE = GLOWZAWidgets/Info.plist;
				INFOPLIST_KEY_CFBundleDisplayName = GLOWZAWidgets;
				INFOPLIST_KEY_NSHumanReadableCopyright = "";
				LD_RUNPATH_SEARCH_PATHS = (
					"$(inherited)",
					"@executable_path/Frameworks",
					"@executable_path/../../Frameworks",
				);
				MARKETING_VERSION = 1.0;
				PRODUCT_BUNDLE_IDENTIFIER = com.asini.glowza.GLOWZAWidgetsExtension;
				PRODUCT_NAME = "$(TARGET_NAME)";
				SKIP_INSTALL = YES;
				STRING_CATALOG_GENERATE_SYMBOLS = YES;
				SWIFT_APPROACHABLE_CONCURRENCY = YES;
				SWIFT_EMIT_LOC_STRINGS = YES;
				SWIFT_UPCOMING_FEATURE_MEMBER_IMPORT_VISIBILITY = YES;
				SWIFT_VERSION = 5.0;
				TARGETED_DEVICE_FAMILY = "1,2";
			};
			name = Debug;
		};
		457CE5592FA9F9FB0002B0FC /* Release */ = {
			isa = XCBuildConfiguration;
			buildSettings = {
				ASSETCATALOG_COMPILER_GLOBAL_ACCENT_COLOR_NAME = AccentColor;
				ASSETCATALOG_COMPILER_WIDGET_BACKGROUND_COLOR_NAME = WidgetBackground;
				CODE_SIGN_STYLE = Automatic;
				CURRENT_PROJECT_VERSION = 1;
				GENERATE_INFOPLIST_FILE = YES;
				INFOPLIST_FILE = GLOWZAWidgets/Info.plist;
				INFOPLIST_KEY_CFBundleDisplayName = GLOWZAWidgets;
				INFOPLIST_KEY_NSHumanReadableCopyright = "";
				LD_RUNPATH_SEARCH_PATHS = (
					"$(inherited)",
					"@executable_path/Frameworks",
					"@executable_path/../../Frameworks",
				);
				MARKETING_VERSION = 1.0;
				PRODUCT_BUNDLE_IDENTIFIER = com.asini.glowza.GLOWZAWidgetsExtension;
				PRODUCT_NAME = "$(TARGET_NAME)";
				SKIP_INSTALL = YES;
				STRING_CATALOG_GENERATE_SYMBOLS = YES;
				SWIFT_APPROACHABLE_CONCURRENCY = YES;
				SWIFT_EMIT_LOC_STRINGS = YES;
				SWIFT_UPCOMING_FEATURE_MEMBER_IMPORT_VISIBILITY = YES;
				SWIFT_VERSION = 5.0;
				TARGETED_DEVICE_FAMILY = "1,2";
			};
			name = Release;
		};
		457CE7372FAA390F0002B0FC /* Debug */ = {
			isa = XCBuildConfiguration;
			buildSettings = {
				BUNDLE_LOADER = "$(TEST_HOST)";
				CODE_SIGN_STYLE = Automatic;
				CURRENT_PROJECT_VERSION = 1;
				GENERATE_INFOPLIST_FILE = YES;
				MARKETING_VERSION = 1.0;
				PRODUCT_BUNDLE_IDENTIFIER = com.asini.glowza.GLOWZATests;
				PRODUCT_NAME = "$(TARGET_NAME)";
				STRING_CATALOG_GENERATE_SYMBOLS = NO;
				SWIFT_APPROACHABLE_CONCURRENCY = YES;
				SWIFT_EMIT_LOC_STRINGS = NO;
				SWIFT_UPCOMING_FEATURE_MEMBER_IMPORT_VISIBILITY = YES;
				SWIFT_VERSION = 5.0;
				TARGETED_DEVICE_FAMILY = "1,2";
				TEST_HOST = "$(BUILT_PRODUCTS_DIR)/GLOWZA.app/$(BUNDLE_EXECUTABLE_FOLDER_PATH)/GLOWZA";
			};
			name = Debug;
		};
		457CE7382FAA390F0002B0FC /* Release */ = {
			isa = XCBuildConfiguration;
			buildSettings = {
				BUNDLE_LOADER = "$(TEST_HOST)";
				CODE_SIGN_STYLE = Automatic;
				CURRENT_PROJECT_VERSION = 1;
				GENERATE_INFOPLIST_FILE = YES;
				MARKETING_VERSION = 1.0;
				PRODUCT_BUNDLE_IDENTIFIER = com.asini.glowza.GLOWZATests;
				PRODUCT_NAME = "$(TARGET_NAME)";
				STRING_CATALOG_GENERATE_SYMBOLS = NO;
				SWIFT_APPROACHABLE_CONCURRENCY = YES;
				SWIFT_EMIT_LOC_STRINGS = NO;
				SWIFT_UPCOMING_FEATURE_MEMBER_IMPORT_VISIBILITY = YES;
				SWIFT_VERSION = 5.0;
				TARGETED_DEVICE_FAMILY = "1,2";
				TEST_HOST = "$(BUILT_PRODUCTS_DIR)/GLOWZA.app/$(BUNDLE_EXECUTABLE_FOLDER_PATH)/GLOWZA";
			};
			name = Release;
		};
		45F0707D2F91E8D100505233 /* Debug */ = {
			isa = XCBuildConfiguration;
			buildSettings = {
				ALWAYS_SEARCH_USER_PATHS = NO;
				ASSETCATALOG_COMPILER_GENERATE_SWIFT_ASSET_SYMBOL_EXTENSIONS = YES;
				CLANG_ANALYZER_NONNULL = YES;
				CLANG_ANALYZER_NUMBER_OBJECT_CONVERSION = YES_AGGRESSIVE;
				CLANG_CXX_LANGUAGE_STANDARD = "gnu++20";
				CLANG_ENABLE_MODULES = YES;
				CLANG_ENABLE_OBJC_ARC = YES;
				CLANG_ENABLE_OBJC_WEAK = YES;
				CLANG_WARN_BLOCK_CAPTURE_AUTORELEASING = YES;
				CLANG_WARN_BOOL_CONVERSION = YES;
				CLANG_WARN_COMMA = YES;
				CLANG_WARN_CONSTANT_CONVERSION = YES;
				CLANG_WARN_DEPRECATED_OBJC_IMPLEMENTATIONS = YES;
				CLANG_WARN_DIRECT_OBJC_ISA_USAGE = YES_ERROR;
				CLANG_WARN_DOCUMENTATION_COMMENTS = YES;
				CLANG_WARN_EMPTY_BODY = YES;
				CLANG_WARN_ENUM_CONVERSION = YES;
				CLANG_WARN_INFINITE_RECURSION = YES;
				CLANG_WARN_INT_CONVERSION = YES;
				CLANG_WARN_NON_LITERAL_NULL_CONVERSION = YES;
				CLANG_WARN_OBJC_IMPLICIT_RETAIN_SELF = YES;
				CLANG_WARN_OBJC_LITERAL_CONVERSION = YES;
				CLANG_WARN_OBJC_ROOT_CLASS = YES_ERROR;
				CLANG_WARN_QUOTED_INCLUDE_IN_FRAMEWORK_HEADER = YES;
				CLANG_WARN_RANGE_LOOP_ANALYSIS = YES;
				CLANG_WARN_STRICT_PROTOTYPES = YES;
				CLANG_WARN_SUSPICIOUS_MOVE = YES;
				CLANG_WARN_UNGUARDED_AVAILABILITY = YES_AGGRESSIVE;
				CLANG_WARN_UNREACHABLE_CODE = YES;
				CLANG_WARN__DUPLICATE_METHOD_MATCH = YES;
				COPY_PHASE_STRIP = NO;
				DEBUG_INFORMATION_FORMAT = dwarf;
				ENABLE_STRICT_OBJC_MSGSEND = YES;
				ENABLE_TESTABILITY = YES;
				ENABLE_USER_SCRIPT_SANDBOXING = YES;
				GCC_C_LANGUAGE_STANDARD = gnu17;
				GCC_DYNAMIC_NO_PIC = NO;
				GCC_NO_COMMON_BLOCKS = YES;
				GCC_OPTIMIZATION_LEVEL = 0;
				GCC_PREPROCESSOR_DEFINITIONS = (
					"DEBUG=1",
					"$(inherited)",
				);
				GCC_WARN_64_TO_32_BIT_CONVERSION = YES;
				GCC_WARN_ABOUT_RETURN_TYPE = YES_ERROR;
				GCC_WARN_UNDECLARED_SELECTOR = YES;
				GCC_WARN_UNINITIALIZED_AUTOS = YES_AGGRESSIVE;
				GCC_WARN_UNUSED_FUNCTION = YES;
				GCC_WARN_UNUSED_VARIABLE = YES;
				IPHONEOS_DEPLOYMENT_TARGET = 26.2;
				LOCALIZATION_PREFERS_STRING_CATALOGS = YES;
				MTL_ENABLE_DEBUG_INFO = INCLUDE_SOURCE;
				MTL_FAST_MATH = YES;
				ONLY_ACTIVE_ARCH = YES;
				SDKROOT = iphoneos;
				SWIFT_ACTIVE_COMPILATION_CONDITIONS = "DEBUG $(inherited)";
				SWIFT_OPTIMIZATION_LEVEL = "-Onone";
			};
			name = Debug;
		};
		45F0707E2F91E8D100505233 /* Release */ = {
			isa = XCBuildConfiguration;
			buildSettings = {
				ALWAYS_SEARCH_USER_PATHS = NO;
				ASSETCATALOG_COMPILER_GENERATE_SWIFT_ASSET_SYMBOL_EXTENSIONS = YES;
				CLANG_ANALYZER_NONNULL = YES;
				CLANG_ANALYZER_NUMBER_OBJECT_CONVERSION = YES_AGGRESSIVE;
				CLANG_CXX_LANGUAGE_STANDARD = "gnu++20";
				CLANG_ENABLE_MODULES = YES;
				CLANG_ENABLE_OBJC_ARC = YES;
				CLANG_ENABLE_OBJC_WEAK = YES;
				CLANG_WARN_BLOCK_CAPTURE_AUTORELEASING = YES;
				CLANG_WARN_BOOL_CONVERSION = YES;
				CLANG_WARN_COMMA = YES;
				CLANG_WARN_CONSTANT_CONVERSION = YES;
				CLANG_WARN_DEPRECATED_OBJC_IMPLEMENTATIONS = YES;
				CLANG_WARN_DIRECT_OBJC_ISA_USAGE = YES_ERROR;
				CLANG_WARN_DOCUMENTATION_COMMENTS = YES;
				CLANG_WARN_EMPTY_BODY = YES;
				CLANG_WARN_ENUM_CONVERSION = YES;
				CLANG_WARN_INFINITE_RECURSION = YES;
				CLANG_WARN_INT_CONVERSION = YES;
				CLANG_WARN_NON_LITERAL_NULL_CONVERSION = YES;
				CLANG_WARN_OBJC_IMPLICIT_RETAIN_SELF = YES;
				CLANG_WARN_OBJC_LITERAL_CONVERSION = YES;
				CLANG_WARN_OBJC_ROOT_CLASS = YES_ERROR;
				CLANG_WARN_QUOTED_INCLUDE_IN_FRAMEWORK_HEADER = YES;
				CLANG_WARN_RANGE_LOOP_ANALYSIS = YES;
				CLANG_WARN_STRICT_PROTOTYPES = YES;
				CLANG_WARN_SUSPICIOUS_MOVE = YES;
				CLANG_WARN_UNGUARDED_AVAILABILITY = YES_AGGRESSIVE;
				CLANG_WARN_UNREACHABLE_CODE = YES;
				CLANG_WARN__DUPLICATE_METHOD_MATCH = YES;
				COPY_PHASE_STRIP = NO;
				DEBUG_INFORMATION_FORMAT = "dwarf-with-dsym";
				ENABLE_NS_ASSERTIONS = NO;
				ENABLE_STRICT_OBJC_MSGSEND = YES;
				ENABLE_USER_SCRIPT_SANDBOXING = YES;
				GCC_C_LANGUAGE_STANDARD = gnu17;
				GCC_NO_COMMON_BLOCKS = YES;
				GCC_WARN_64_TO_32_BIT_CONVERSION = YES;
				GCC_WARN_ABOUT_RETURN_TYPE = YES_ERROR;
				GCC_WARN_UNDECLARED_SELECTOR = YES;
				GCC_WARN_UNINITIALIZED_AUTOS = YES_AGGRESSIVE;
				GCC_WARN_UNUSED_FUNCTION = YES;
				GCC_WARN_UNUSED_VARIABLE = YES;
				IPHONEOS_DEPLOYMENT_TARGET = 26.2;
				LOCALIZATION_PREFERS_STRING_CATALOGS = YES;
				MTL_ENABLE_DEBUG_INFO = NO;
				MTL_FAST_MATH = YES;
				SDKROOT = iphoneos;
				SWIFT_COMPILATION_MODE = wholemodule;
				VALIDATE_PRODUCT = YES;
			};
			name = Release;
		};
		45F070802F91E8D100505233 /* Debug */ = {
			isa = XCBuildConfiguration;
			buildSettings = {
				ASSETCATALOG_COMPILER_APPICON_NAME = AppIcon;
				ASSETCATALOG_COMPILER_GLOBAL_ACCENT_COLOR_NAME = AccentColor;
				CODE_SIGN_STYLE = Automatic;
				CURRENT_PROJECT_VERSION = 1;
				ENABLE_PREVIEWS = YES;
				GENERATE_INFOPLIST_FILE = YES;
				INFOPLIST_KEY_CFBundleURLTypes = "[{CFBundleTypeRole=Editor;CFBundleURLName=com.asini.glowza;CFBundleURLSchemes=(glowza);} ]";
				INFOPLIST_KEY_NSCalendarsFullAccessUsageDescription = "GLOWZA uses your Calendar to add salon appointment bookings automatically.";
				INFOPLIST_KEY_NSCalendarsUsageDescription = "GLOWZA uses your Calendar to add salon appointment bookings automatically.";
				INFOPLIST_KEY_NSRemindersFullAccessUsageDescription = "GLOWZA uses Reminders to help manage upcoming beauty appointments.";
				INFOPLIST_KEY_NSRemindersUsageDescription = "GLOWZA uses Reminders to help manage upcoming beauty appointments.";
				INFOPLIST_KEY_UIApplicationSceneManifest_Generation = YES;
				INFOPLIST_KEY_UIApplicationSupportsIndirectInputEvents = YES;
				INFOPLIST_KEY_UILaunchScreen_Generation = YES;
				INFOPLIST_KEY_UISupportedInterfaceOrientations_iPad = "UIInterfaceOrientationPortrait UIInterfaceOrientationPortraitUpsideDown UIInterfaceOrientationLandscapeLeft UIInterfaceOrientationLandscapeRight";
				INFOPLIST_KEY_UISupportedInterfaceOrientations_iPhone = "UIInterfaceOrientationPortrait UIInterfaceOrientationLandscapeLeft UIInterfaceOrientationLandscapeRight";
				LD_RUNPATH_SEARCH_PATHS = (
					"$(inherited)",
					"@executable_path/Frameworks",
				);
				MARKETING_VERSION = 1.0;
				PRODUCT_BUNDLE_IDENTIFIER = com.asini.glowza;
				PRODUCT_NAME = "$(TARGET_NAME)";
				STRING_CATALOG_GENERATE_SYMBOLS = YES;
				SWIFT_APPROACHABLE_CONCURRENCY = YES;
				SWIFT_DEFAULT_ACTOR_ISOLATION = MainActor;
				SWIFT_EMIT_LOC_STRINGS = YES;
				SWIFT_UPCOMING_FEATURE_MEMBER_IMPORT_VISIBILITY = YES;
				SWIFT_VERSION = 5.0;
				TARGETED_DEVICE_FAMILY = "1,2";
			};
			name = Debug;
		};
		45F070812F91E8D100505233 /* Release */ = {
			isa = XCBuildConfiguration;
			buildSettings = {
				ASSETCATALOG_COMPILER_APPICON_NAME = AppIcon;
				ASSETCATALOG_COMPILER_GLOBAL_ACCENT_COLOR_NAME = AccentColor;
				CODE_SIGN_STYLE = Automatic;
				CURRENT_PROJECT_VERSION = 1;
				ENABLE_PREVIEWS = YES;
				GENERATE_INFOPLIST_FILE = YES;
				INFOPLIST_KEY_CFBundleURLTypes = "[{CFBundleTypeRole=Editor;CFBundleURLName=com.asini.glowza;CFBundleURLSchemes=(glowza);} ]";
				INFOPLIST_KEY_NSCalendarsFullAccessUsageDescription = "GLOWZA uses your Calendar to add salon appointment bookings automatically.";
				INFOPLIST_KEY_NSCalendarsUsageDescription = "GLOWZA uses your Calendar to add salon appointment bookings automatically.";
				INFOPLIST_KEY_NSRemindersFullAccessUsageDescription = "GLOWZA uses Reminders to help manage upcoming beauty appointments.";
				INFOPLIST_KEY_NSRemindersUsageDescription = "GLOWZA uses Reminders to help manage upcoming beauty appointments.";
				INFOPLIST_KEY_UIApplicationSceneManifest_Generation = YES;
				INFOPLIST_KEY_UIApplicationSupportsIndirectInputEvents = YES;
				INFOPLIST_KEY_UILaunchScreen_Generation = YES;
				INFOPLIST_KEY_UISupportedInterfaceOrientations_iPad = "UIInterfaceOrientationPortrait UIInterfaceOrientationPortraitUpsideDown UIInterfaceOrientationLandscapeLeft UIInterfaceOrientationLandscapeRight";
				INFOPLIST_KEY_UISupportedInterfaceOrientations_iPhone = "UIInterfaceOrientationPortrait UIInterfaceOrientationLandscapeLeft UIInterfaceOrientationLandscapeRight";
				LD_RUNPATH_SEARCH_PATHS = (
					"$(inherited)",
					"@executable_path/Frameworks",
				);
				MARKETING_VERSION = 1.0;
				PRODUCT_BUNDLE_IDENTIFIER = com.asini.glowza;
				PRODUCT_NAME = "$(TARGET_NAME)";
				STRING_CATALOG_GENERATE_SYMBOLS = YES;
				SWIFT_APPROACHABLE_CONCURRENCY = YES;
				SWIFT_DEFAULT_ACTOR_ISOLATION = MainActor;
				SWIFT_EMIT_LOC_STRINGS = YES;
				SWIFT_UPCOMING_FEATURE_MEMBER_IMPORT_VISIBILITY = YES;
				SWIFT_VERSION = 5.0;
				TARGETED_DEVICE_FAMILY = "1,2";
			};
			name = Release;
		};
/* End XCBuildConfiguration section */

/* Begin XCConfigurationList section */
		457CE55B2FA9F9FB0002B0FC /* Build configuration list for PBXNativeTarget "GLOWZAWidgetsExtension" */ = {
			isa = XCConfigurationList;
			buildConfigurations = (
				457CE5582FA9F9FB0002B0FC /* Debug */,
				457CE5592FA9F9FB0002B0FC /* Release */,
			);
			defaultConfigurationIsVisible = 0;
			defaultConfigurationName = Release;
		};
		457CE7392FAA390F0002B0FC /* Build configuration list for PBXNativeTarget "GLOWZATests" */ = {
			isa = XCConfigurationList;
			buildConfigurations = (
				457CE7372FAA390F0002B0FC /* Debug */,
				457CE7382FAA390F0002B0FC /* Release */,
			);
			defaultConfigurationIsVisible = 0;
			defaultConfigurationName = Release;
		};
		45F0706F2F91E8D000505233 /* Build configuration list for PBXProject "GLOWZA" */ = {
			isa = XCConfigurationList;
			buildConfigurations = (
				45F0707D2F91E8D100505233 /* Debug */,
				45F0707E2F91E8D100505233 /* Release */,
			);
			defaultConfigurationIsVisible = 0;
			defaultConfigurationName = Release;
		};
		45F0707F2F91E8D100505233 /* Build configuration list for PBXNativeTarget "GLOWZA" */ = {
			isa = XCConfigurationList;
			buildConfigurations = (
				45F070802F91E8D100505233 /* Debug */,
				45F070812F91E8D100505233 /* Release */,
			);
			defaultConfigurationIsVisible = 0;
			defaultConfigurationName = Release;
		};
/* End XCConfigurationList section */

/* Begin XCRemoteSwiftPackageReference section */
		45B8A05E2F9F8E5B0062AB06 /* XCRemoteSwiftPackageReference "firebase-ios-sdk" */ = {
			isa = XCRemoteSwiftPackageReference;
			repositoryURL = "https://github.com/firebase/firebase-ios-sdk";
			requirement = {
				kind = upToNextMajorVersion;
				minimumVersion = 12.12.1;
			};
		};
/* End XCRemoteSwiftPackageReference section */

/* Begin XCSwiftPackageProductDependency section */
		45B8A05F2F9F8E5B0062AB06 /* FirebaseAnalytics */ = {
			isa = XCSwiftPackageProductDependency;
			package = 45B8A05E2F9F8E5B0062AB06 /* XCRemoteSwiftPackageReference "firebase-ios-sdk" */;
			productName = FirebaseAnalytics;
		};
		45B8A0612F9F8E5B0062AB06 /* FirebaseAuth */ = {
			isa = XCSwiftPackageProductDependency;
			package = 45B8A05E2F9F8E5B0062AB06 /* XCRemoteSwiftPackageReference "firebase-ios-sdk" */;
			productName = FirebaseAuth;
		};
		45B8A0632F9F8E5B0062AB06 /* FirebaseFirestore */ = {
			isa = XCSwiftPackageProductDependency;
			package = 45B8A05E2F9F8E5B0062AB06 /* XCRemoteSwiftPackageReference "firebase-ios-sdk" */;
			productName = FirebaseFirestore;
		};
/* End XCSwiftPackageProductDependency section */
	};
	rootObject = 45F0706C2F91E8D000505233 /* Project object */;
}
